
Microsoft Visual Studio Solution File, Format Version 12.00
# Visual Studio Version 17
VisualStudioVersion = 17.9.34723.18
MinimumVisualStudioVersion = 10.0.40219.1
Project("{FAE04EC0-301F-11D3-BF4B-00C04F79EFBC}") = "UnitTestProject1", "UnitTestProject1\UnitTestProject1.csproj", "{24FC36DE-3387-4D72-876C-4E1B7AC39A43}"
EndProject
Project("{FAE04EC0-301F-11D3-BF4B-00C04F79EFBC}") = "maximocomundiv", "maximocomunmul\maximocomundiv.csproj", "{ED114FFC-31F8-414E-A4F7-48CDF5DB98BA}"
EndProject
Global
	GlobalSection(SolutionConfigurationPlatforms) = preSolution
		Debug|Any CPU = Debug|Any CPU
		Release|Any CPU = Release|Any CPU
	EndGlobalSection
	GlobalSection(ProjectConfigurationPlatforms) = postSolution
		{24FC36DE-3387-4D72-876C-4E1B7AC39A43}.Debug|Any CPU.ActiveCfg = Debug|Any CPU
		{24FC36DE-3387-4D72-876C-4E1B7AC39A43}.Debug|Any CPU.Build.0 = Debug|Any CPU
		{24FC36DE-3387-4D72-876C-4E1B7AC39A43}.Release|Any CPU.ActiveCfg = Release|Any CPU
		{24FC36DE-3387-4D72-876C-4E1B7AC39A43}.Release|Any CPU.Build.0 = Release|Any CPU
		{ED114FFC-31F8-414E-A4F7-48CDF5DB98BA}.Debug|Any CPU.ActiveCfg = Debug|Any CPU
		{ED114FFC-31F8-414E-A4F7-48CDF5DB98BA}.Debug|Any CPU.Build.0 = Debug|Any CPU
		{ED114FFC-31F8-414E-A4F7-48CDF5DB98BA}.Release|Any CPU.ActiveCfg = Release|Any CPU
		{ED114FFC-31F8-414E-A4F7-48CDF5DB98BA}.Release|Any CPU.Build.0 = Release|Any CPU
	EndGlobalSection
	GlobalSection(SolutionProperties) = preSolution
		HideSolutionNode = FALSE
	EndGlobalSection
	GlobalSection(ExtensibilityGlobals) = postSolution
		SolutionGuid = {3BCF1A86-C74F-433A-8AF5-AEFCE74017DE}
	EndGlobalSection
EndGlobal
